
Microsoft Visual Studio Solution File, Format Version 12.00
# Visual Studio 15
VisualStudioVersion = 15.0.27004.2005
MinimumVisualStudioVersion = 10.0.40219.1
Project("{888888A0-9F3D-457C-B088-3A5042F75D52}") = "CSLab2Try", "CSLab2Try\CSLab2Try.pyproj", "{8804E8E1-AF2B-4537-BD64-CAD1DC4F9304}"
EndProject
Global
	GlobalSection(SolutionConfigurationPlatforms) = preSolution
		Debug|Any CPU = Debug|Any CPU
		Release|Any CPU = Release|Any CPU
	EndGlobalSection
	GlobalSection(ProjectConfigurationPlatforms) = postSolution
		{8804E8E1-AF2B-4537-BD64-CAD1DC4F9304}.Debug|Any CPU.ActiveCfg = Debug|Any CPU
		{8804E8E1-AF2B-4537-BD64-CAD1DC4F9304}.Release|Any CPU.ActiveCfg = Release|Any CPU
	EndGlobalSection
	GlobalSection(SolutionProperties) = preSolution
		HideSolutionNode = FALSE
	EndGlobalSection
	GlobalSection(ExtensibilityGlobals) = postSolution
		SolutionGuid = {BAB838BF-D380-4A33-BBAC-A893693A498F}
	EndGlobalSection
EndGlobal
